
Microsoft Visual Studio Solution File, Format Version 12.00
# Visual Studio 15
Project("{FAE04EC0-301F-11D3-BF4B-00C04F79EFBC}") = "Zenject", "Zenject.csproj", "{07B52CC2-FA8A-8F73-A509-8DD87DCDCB2C}"
EndProject
Project("{FAE04EC0-301F-11D3-BF4B-00C04F79EFBC}") = "Assembly-CSharp", "Assembly-CSharp.csproj", "{FB2C73AD-C042-D04E-480A-E6FAEA876B9D}"
EndProject
Project("{FAE04EC0-301F-11D3-BF4B-00C04F79EFBC}") = "Zenject-Editor", "Zenject-Editor.csproj", "{B88CF61F-67EB-45AA-6F50-22BAAA2E886F}"
EndProject
Global
	GlobalSection(SolutionConfigurationPlatforms) = preSolution
		Debug|Any CPU = Debug|Any CPU
		Release|Any CPU = Release|Any CPU
	EndGlobalSection
	GlobalSection(ProjectConfigurationPlatforms) = postSolution
		{07B52CC2-FA8A-8F73-A509-8DD87DCDCB2C}.Debug|Any CPU.ActiveCfg = Debug|Any CPU
		{07B52CC2-FA8A-8F73-A509-8DD87DCDCB2C}.Debug|Any CPU.Build.0 = Debug|Any CPU
		{07B52CC2-FA8A-8F73-A509-8DD87DCDCB2C}.Release|Any CPU.ActiveCfg = Release|Any CPU
		{07B52CC2-FA8A-8F73-A509-8DD87DCDCB2C}.Release|Any CPU.Build.0 = Release|Any CPU
		{FB2C73AD-C042-D04E-480A-E6FAEA876B9D}.Debug|Any CPU.ActiveCfg = Debug|Any CPU
		{FB2C73AD-C042-D04E-480A-E6FAEA876B9D}.Debug|Any CPU.Build.0 = Debug|Any CPU
		{FB2C73AD-C042-D04E-480A-E6FAEA876B9D}.Release|Any CPU.ActiveCfg = Release|Any CPU
		{FB2C73AD-C042-D04E-480A-E6FAEA876B9D}.Release|Any CPU.Build.0 = Release|Any CPU
		{B88CF61F-67EB-45AA-6F50-22BAAA2E886F}.Debug|Any CPU.ActiveCfg = Debug|Any CPU
		{B88CF61F-67EB-45AA-6F50-22BAAA2E886F}.Debug|Any CPU.Build.0 = Debug|Any CPU
		{B88CF61F-67EB-45AA-6F50-22BAAA2E886F}.Release|Any CPU.ActiveCfg = Release|Any CPU
		{B88CF61F-67EB-45AA-6F50-22BAAA2E886F}.Release|Any CPU.Build.0 = Release|Any CPU
	EndGlobalSection
	GlobalSection(SolutionProperties) = preSolution
		HideSolutionNode = FALSE
	EndGlobalSection
EndGlobal
