
Microsoft Visual Studio Solution File, Format Version 12.00
# Visual Studio 15
Project("{FAE04EC0-301F-11D3-BF4B-00C04F79EFBC}") = "Zenject", "Zenject.csproj", "{558D7DF7-FA55-DB17-8F1B-80A52B08043F}"
EndProject
Project("{FAE04EC0-301F-11D3-BF4B-00C04F79EFBC}") = "Item", "Item.csproj", "{38B13B44-6A9F-5D84-2B86-A973E5924BE2}"
EndProject
Project("{FAE04EC0-301F-11D3-BF4B-00C04F79EFBC}") = "Equipment", "Equipment.csproj", "{0D8D71B4-EA2D-17CD-64C0-DE3064A83018}"
EndProject
Project("{FAE04EC0-301F-11D3-BF4B-00C04F79EFBC}") = "Assembly-CSharp", "Assembly-CSharp.csproj", "{CE9B2838-BAA5-58C9-FABF-B8A8DCBCAB94}"
EndProject
Project("{FAE04EC0-301F-11D3-BF4B-00C04F79EFBC}") = "Inventory", "Inventory.csproj", "{F60DD1ED-8420-F987-9D90-E55087773BC9}"
EndProject
Project("{FAE04EC0-301F-11D3-BF4B-00C04F79EFBC}") = "Character", "Character.csproj", "{4E7EDE89-CA28-CF1A-3F7C-A04F4F3A3035}"
EndProject
Project("{FAE04EC0-301F-11D3-BF4B-00C04F79EFBC}") = "Zenject-Editor", "Zenject-Editor.csproj", "{DAC93EAC-2C64-EBBD-D963-630E2C5BF313}"
EndProject
Project("{FAE04EC0-301F-11D3-BF4B-00C04F79EFBC}") = "EquipmentTests", "EquipmentTests.csproj", "{57E86727-8051-E091-EF32-A9D969E2A01C}"
EndProject
Global
	GlobalSection(SolutionConfigurationPlatforms) = preSolution
		Debug|Any CPU = Debug|Any CPU
		Release|Any CPU = Release|Any CPU
	EndGlobalSection
	GlobalSection(ProjectConfigurationPlatforms) = postSolution
		{558D7DF7-FA55-DB17-8F1B-80A52B08043F}.Debug|Any CPU.ActiveCfg = Debug|Any CPU
		{558D7DF7-FA55-DB17-8F1B-80A52B08043F}.Debug|Any CPU.Build.0 = Debug|Any CPU
		{558D7DF7-FA55-DB17-8F1B-80A52B08043F}.Release|Any CPU.ActiveCfg = Release|Any CPU
		{558D7DF7-FA55-DB17-8F1B-80A52B08043F}.Release|Any CPU.Build.0 = Release|Any CPU
		{38B13B44-6A9F-5D84-2B86-A973E5924BE2}.Debug|Any CPU.ActiveCfg = Debug|Any CPU
		{38B13B44-6A9F-5D84-2B86-A973E5924BE2}.Debug|Any CPU.Build.0 = Debug|Any CPU
		{38B13B44-6A9F-5D84-2B86-A973E5924BE2}.Release|Any CPU.ActiveCfg = Release|Any CPU
		{38B13B44-6A9F-5D84-2B86-A973E5924BE2}.Release|Any CPU.Build.0 = Release|Any CPU
		{0D8D71B4-EA2D-17CD-64C0-DE3064A83018}.Debug|Any CPU.ActiveCfg = Debug|Any CPU
		{0D8D71B4-EA2D-17CD-64C0-DE3064A83018}.Debug|Any CPU.Build.0 = Debug|Any CPU
		{0D8D71B4-EA2D-17CD-64C0-DE3064A83018}.Release|Any CPU.ActiveCfg = Release|Any CPU
		{0D8D71B4-EA2D-17CD-64C0-DE3064A83018}.Release|Any CPU.Build.0 = Release|Any CPU
		{CE9B2838-BAA5-58C9-FABF-B8A8DCBCAB94}.Debug|Any CPU.ActiveCfg = Debug|Any CPU
		{CE9B2838-BAA5-58C9-FABF-B8A8DCBCAB94}.Debug|Any CPU.Build.0 = Debug|Any CPU
		{CE9B2838-BAA5-58C9-FABF-B8A8DCBCAB94}.Release|Any CPU.ActiveCfg = Release|Any CPU
		{CE9B2838-BAA5-58C9-FABF-B8A8DCBCAB94}.Release|Any CPU.Build.0 = Release|Any CPU
		{F60DD1ED-8420-F987-9D90-E55087773BC9}.Debug|Any CPU.ActiveCfg = Debug|Any CPU
		{F60DD1ED-8420-F987-9D90-E55087773BC9}.Debug|Any CPU.Build.0 = Debug|Any CPU
		{F60DD1ED-8420-F987-9D90-E55087773BC9}.Release|Any CPU.ActiveCfg = Release|Any CPU
		{F60DD1ED-8420-F987-9D90-E55087773BC9}.Release|Any CPU.Build.0 = Release|Any CPU
		{4E7EDE89-CA28-CF1A-3F7C-A04F4F3A3035}.Debug|Any CPU.ActiveCfg = Debug|Any CPU
		{4E7EDE89-CA28-CF1A-3F7C-A04F4F3A3035}.Debug|Any CPU.Build.0 = Debug|Any CPU
		{4E7EDE89-CA28-CF1A-3F7C-A04F4F3A3035}.Release|Any CPU.ActiveCfg = Release|Any CPU
		{4E7EDE89-CA28-CF1A-3F7C-A04F4F3A3035}.Release|Any CPU.Build.0 = Release|Any CPU
		{DAC93EAC-2C64-EBBD-D963-630E2C5BF313}.Debug|Any CPU.ActiveCfg = Debug|Any CPU
		{DAC93EAC-2C64-EBBD-D963-630E2C5BF313}.Debug|Any CPU.Build.0 = Debug|Any CPU
		{DAC93EAC-2C64-EBBD-D963-630E2C5BF313}.Release|Any CPU.ActiveCfg = Release|Any CPU
		{DAC93EAC-2C64-EBBD-D963-630E2C5BF313}.Release|Any CPU.Build.0 = Release|Any CPU
		{57E86727-8051-E091-EF32-A9D969E2A01C}.Debug|Any CPU.ActiveCfg = Debug|Any CPU
		{57E86727-8051-E091-EF32-A9D969E2A01C}.Debug|Any CPU.Build.0 = Debug|Any CPU
		{57E86727-8051-E091-EF32-A9D969E2A01C}.Release|Any CPU.ActiveCfg = Release|Any CPU
		{57E86727-8051-E091-EF32-A9D969E2A01C}.Release|Any CPU.Build.0 = Release|Any CPU
	EndGlobalSection
	GlobalSection(SolutionProperties) = preSolution
		HideSolutionNode = FALSE
	EndGlobalSection
EndGlobal
